
Microsoft Visual Studio Solution File, Format Version 10.00
# Visual Studio 2008
# SharpDevelop 4.2.1.8805
Project("{FAE04EC0-301F-11D3-BF4B-00C04F79EFBC}") = "Lythum.OSL.Core", "Lythum.OSL.Core\Lythum.OSL.Core.csproj", "{147BCC64-2696-4423-B339-EF9A9D9F9C03}"
EndProject
Global
	GlobalSection(SolutionConfigurationPlatforms) = preSolution
		Debug|x86 = Debug|x86
		Release|x86 = Release|x86
		Debug|MCD = Debug|MCD
		Release|MCD = Release|MCD
	EndGlobalSection
	GlobalSection(ProjectConfigurationPlatforms) = postSolution
		{147BCC64-2696-4423-B339-EF9A9D9F9C03}.Debug|x86.Build.0 = Debug|x86
		{147BCC64-2696-4423-B339-EF9A9D9F9C03}.Debug|x86.ActiveCfg = Debug|x86
		{147BCC64-2696-4423-B339-EF9A9D9F9C03}.Release|x86.Build.0 = Release|x86
		{147BCC64-2696-4423-B339-EF9A9D9F9C03}.Release|x86.ActiveCfg = Release|x86
		{147BCC64-2696-4423-B339-EF9A9D9F9C03}.Debug|MCD.Build.0 = Debug|MCD
		{147BCC64-2696-4423-B339-EF9A9D9F9C03}.Debug|MCD.ActiveCfg = Debug|MCD
		{147BCC64-2696-4423-B339-EF9A9D9F9C03}.Release|MCD.Build.0 = Release|MCD
		{147BCC64-2696-4423-B339-EF9A9D9F9C03}.Release|MCD.ActiveCfg = Release|MCD
	EndGlobalSection
EndGlobal
